
Microsoft Visual Studio Solution File, Format Version 12.00
# Visual Studio Version 16
VisualStudioVersion = 16.0.30011.22
MinimumVisualStudioVersion = 10.0.40219.1
Project("{9A19103F-16F7-4668-BE54-9A1E7A4F7556}") = "MyeStoreProject", "MyeStoreProject.csproj", "{55BF433C-537A-4D08-BFCE-A9371A94BC2D}"
EndProject
Global
	GlobalSection(SolutionConfigurationPlatforms) = preSolution
		Debug|Any CPU = Debug|Any CPU
		Release|Any CPU = Release|Any CPU
	EndGlobalSection
	GlobalSection(ProjectConfigurationPlatforms) = postSolution
		{55BF433C-537A-4D08-BFCE-A9371A94BC2D}.Debug|Any CPU.ActiveCfg = Debug|Any CPU
		{55BF433C-537A-4D08-BFCE-A9371A94BC2D}.Debug|Any CPU.Build.0 = Debug|Any CPU
		{55BF433C-537A-4D08-BFCE-A9371A94BC2D}.Release|Any CPU.ActiveCfg = Release|Any CPU
		{55BF433C-537A-4D08-BFCE-A9371A94BC2D}.Release|Any CPU.Build.0 = Release|Any CPU
	EndGlobalSection
	GlobalSection(SolutionProperties) = preSolution
		HideSolutionNode = FALSE
	EndGlobalSection
	GlobalSection(ExtensibilityGlobals) = postSolution
		SolutionGuid = {32D03CB1-AFCC-4351-957E-3961930F7A8B}
	EndGlobalSection
EndGlobal
