
Microsoft Visual Studio Solution File, Format Version 12.00
# Visual Studio Version 16
VisualStudioVersion = 16.0.30011.22
MinimumVisualStudioVersion = 10.0.40219.1
Project("{FAE04EC0-301F-11D3-BF4B-00C04F79EFBC}") = "Day01", "Day01\Day01.csproj", "{01867CFB-A68C-4379-B289-D763D6556FEE}"
EndProject
Global
	GlobalSection(SolutionConfigurationPlatforms) = preSolution
		Debug|Any CPU = Debug|Any CPU
		Release|Any CPU = Release|Any CPU
	EndGlobalSection
	GlobalSection(ProjectConfigurationPlatforms) = postSolution
		{01867CFB-A68C-4379-B289-D763D6556FEE}.Debug|Any CPU.ActiveCfg = Debug|Any CPU
		{01867CFB-A68C-4379-B289-D763D6556FEE}.Debug|Any CPU.Build.0 = Debug|Any CPU
		{01867CFB-A68C-4379-B289-D763D6556FEE}.Release|Any CPU.ActiveCfg = Release|Any CPU
		{01867CFB-A68C-4379-B289-D763D6556FEE}.Release|Any CPU.Build.0 = Release|Any CPU
	EndGlobalSection
	GlobalSection(SolutionProperties) = preSolution
		HideSolutionNode = FALSE
	EndGlobalSection
	GlobalSection(ExtensibilityGlobals) = postSolution
		SolutionGuid = {212D8C9A-B260-44FF-BD9B-2311A7F1C558}
	EndGlobalSection
EndGlobal
