
Microsoft Visual Studio Solution File, Format Version 12.00
# Visual Studio Version 16
VisualStudioVersion = 16.0.30011.22
MinimumVisualStudioVersion = 10.0.40219.1
Project("{FAE04EC0-301F-11D3-BF4B-00C04F79EFBC}") = "Buoi14_EFCore", "Buoi14_EFCore\Buoi14_EFCore.csproj", "{C3813604-7891-403E-A9DA-B5C49B3CF86C}"
EndProject
Project("{FAE04EC0-301F-11D3-BF4B-00C04F79EFBC}") = "MyeStoreProject", "MyeStoreProject\MyeStoreProject.csproj", "{F9A7785A-50A8-46EC-B030-5119294691AD}"
EndProject
Global
	GlobalSection(SolutionConfigurationPlatforms) = preSolution
		Debug|Any CPU = Debug|Any CPU
		Release|Any CPU = Release|Any CPU
	EndGlobalSection
	GlobalSection(ProjectConfigurationPlatforms) = postSolution
		{C3813604-7891-403E-A9DA-B5C49B3CF86C}.Debug|Any CPU.ActiveCfg = Debug|Any CPU
		{C3813604-7891-403E-A9DA-B5C49B3CF86C}.Debug|Any CPU.Build.0 = Debug|Any CPU
		{C3813604-7891-403E-A9DA-B5C49B3CF86C}.Release|Any CPU.ActiveCfg = Release|Any CPU
		{C3813604-7891-403E-A9DA-B5C49B3CF86C}.Release|Any CPU.Build.0 = Release|Any CPU
		{F9A7785A-50A8-46EC-B030-5119294691AD}.Debug|Any CPU.ActiveCfg = Debug|Any CPU
		{F9A7785A-50A8-46EC-B030-5119294691AD}.Debug|Any CPU.Build.0 = Debug|Any CPU
		{F9A7785A-50A8-46EC-B030-5119294691AD}.Release|Any CPU.ActiveCfg = Release|Any CPU
		{F9A7785A-50A8-46EC-B030-5119294691AD}.Release|Any CPU.Build.0 = Release|Any CPU
	EndGlobalSection
	GlobalSection(SolutionProperties) = preSolution
		HideSolutionNode = FALSE
	EndGlobalSection
	GlobalSection(ExtensibilityGlobals) = postSolution
		SolutionGuid = {B7AB5E9F-9F85-4D4E-8DD9-273AF05CFA8C}
	EndGlobalSection
EndGlobal
